# This file is autogenerated, do not edit; changes may be undone by the next 'dep ensure'.


[[projects]]
  name = "github.com/jessevdk/go-flags"
  packages = ["."]
  revision = "96dc06278ce32a0e9d957d590bb987c81ee66407"
  version = "v1.3.0"

[[projects]]
  branch = "master"
  name = "github.com/mackerelio/checkers"
  packages = ["."]
  revision = "38c45ada0125799cb9e16dfeb12efce58fbcee8e"

[[projects]]
  branch = "master"
  name = "github.com/mackerelio/go-check-plugins"
  packages = ["check-http/lib"]
  revision = "86e110830cbaf079fdc3c12f0400ed615d831947"

[solve-meta]
  analyzer-name = "dep"
  analyzer-version = 1
  inputs-digest = "64379fb68e1ed18333c8ac9b1f58f991f7bebb20e0e45b3eb34e255e49ce048a"
  solver-name = "gps-cdcl"
  solver-version = 1
